
Microsoft Visual Studio Solution File, Format Version 12.00
# Visual Studio Version 16
VisualStudioVersion = 16.0.810.19
MinimumVisualStudioVersion = 10.0.40219.1
Project("{FAE04EC0-301F-11D3-BF4B-00C04F79EFBC}") = "øvelser2og3", "øvelser2og3.csproj", "{D78AB698-3623-4718-8B13-ADEBC30E689C}"
EndProject
Global
	GlobalSection(SolutionConfigurationPlatforms) = preSolution
		Debug|Any CPU = Debug|Any CPU
		Release|Any CPU = Release|Any CPU
	EndGlobalSection
	GlobalSection(ProjectConfigurationPlatforms) = postSolution
		{D78AB698-3623-4718-8B13-ADEBC30E689C}.Debug|Any CPU.ActiveCfg = Debug|Any CPU
		{D78AB698-3623-4718-8B13-ADEBC30E689C}.Debug|Any CPU.Build.0 = Debug|Any CPU
		{D78AB698-3623-4718-8B13-ADEBC30E689C}.Release|Any CPU.ActiveCfg = Release|Any CPU
		{D78AB698-3623-4718-8B13-ADEBC30E689C}.Release|Any CPU.Build.0 = Release|Any CPU
	EndGlobalSection
	GlobalSection(SolutionProperties) = preSolution
		HideSolutionNode = FALSE
	EndGlobalSection
	GlobalSection(ExtensibilityGlobals) = postSolution
		SolutionGuid = {C915A4A9-BC70-4F09-98CE-554FB6DFD6BC}
	EndGlobalSection
EndGlobal
