
Microsoft Visual Studio Solution File, Format Version 12.00
# Visual Studio Version 16
VisualStudioVersion = 16.0.810.19
MinimumVisualStudioVersion = 10.0.40219.1
Project("{FAE04EC0-301F-11D3-BF4B-00C04F79EFBC}") = "øvelser_gang_8", "øvelser_gang_8\øvelser_gang_8.csproj", "{9BD4CE78-D8BC-4348-9A64-9F1949B8E8A8}"
EndProject
Global
	GlobalSection(SolutionConfigurationPlatforms) = preSolution
		Debug|Any CPU = Debug|Any CPU
		Release|Any CPU = Release|Any CPU
	EndGlobalSection
	GlobalSection(ProjectConfigurationPlatforms) = postSolution
		{9BD4CE78-D8BC-4348-9A64-9F1949B8E8A8}.Debug|Any CPU.ActiveCfg = Debug|Any CPU
		{9BD4CE78-D8BC-4348-9A64-9F1949B8E8A8}.Debug|Any CPU.Build.0 = Debug|Any CPU
		{9BD4CE78-D8BC-4348-9A64-9F1949B8E8A8}.Release|Any CPU.ActiveCfg = Release|Any CPU
		{9BD4CE78-D8BC-4348-9A64-9F1949B8E8A8}.Release|Any CPU.Build.0 = Release|Any CPU
	EndGlobalSection
	GlobalSection(SolutionProperties) = preSolution
		HideSolutionNode = FALSE
	EndGlobalSection
	GlobalSection(ExtensibilityGlobals) = postSolution
		SolutionGuid = {1DD9A778-9C1F-4F0F-B91D-90EE9DC1A008}
	EndGlobalSection
EndGlobal
