
Microsoft Visual Studio Solution File, Format Version 12.00
# Visual Studio Version 16
VisualStudioVersion = 16.0.810.19
MinimumVisualStudioVersion = 10.0.40219.1
Project("{FAE04EC0-301F-11D3-BF4B-00C04F79EFBC}") = "cardgame", "cardgame\cardgame.csproj", "{AC81FDD7-4703-404D-8A04-AE1341BEA4CB}"
EndProject
Global
	GlobalSection(SolutionConfigurationPlatforms) = preSolution
		Debug|Any CPU = Debug|Any CPU
		Release|Any CPU = Release|Any CPU
	EndGlobalSection
	GlobalSection(ProjectConfigurationPlatforms) = postSolution
		{AC81FDD7-4703-404D-8A04-AE1341BEA4CB}.Debug|Any CPU.ActiveCfg = Debug|Any CPU
		{AC81FDD7-4703-404D-8A04-AE1341BEA4CB}.Debug|Any CPU.Build.0 = Debug|Any CPU
		{AC81FDD7-4703-404D-8A04-AE1341BEA4CB}.Release|Any CPU.ActiveCfg = Release|Any CPU
		{AC81FDD7-4703-404D-8A04-AE1341BEA4CB}.Release|Any CPU.Build.0 = Release|Any CPU
	EndGlobalSection
	GlobalSection(SolutionProperties) = preSolution
		HideSolutionNode = FALSE
	EndGlobalSection
	GlobalSection(ExtensibilityGlobals) = postSolution
		SolutionGuid = {0DCB5205-9DEA-4C84-A59F-B6B5B6799845}
	EndGlobalSection
EndGlobal
